
Microsoft Visual Studio Solution File, Format Version 12.00
# Visual Studio Version 17
VisualStudioVersion = 17.1.32210.238
MinimumVisualStudioVersion = 10.0.40219.1
Project("{9A19103F-16F7-4668-BE54-9A1E7A4F7556}") = "ObservabilityPlayGarden.ConsoleApp", "ObservabilityPlayGarden.ConsoleApp\ObservabilityPlayGarden.ConsoleApp.csproj", "{0C3430B5-090C-4DEC-B519-D450852CCDFA}"
EndProject
Project("{E53339B2-1760-4266-BCC7-CA923CBCF16C}") = "docker-compose", "docker-compose.dcproj", "{3462B717-39DF-42E3-AD32-2175B7E0607E}"
EndProject
Project("{9A19103F-16F7-4668-BE54-9A1E7A4F7556}") = "ObservabilityPlayGarden.OrderApi", "ObservabilityPlayGarden.OrderApi\ObservabilityPlayGarden.OrderApi.csproj", "{4B5113C6-5889-4390-91DF-2548A0543B59}"
EndProject
Project("{FAE04EC0-301F-11D3-BF4B-00C04F79EFBC}") = "ObservabilityPlayGarden.OpenTelemetry.Shared", "ObservabilityPlayGarden.OpenTelemetry.Shared\ObservabilityPlayGarden.OpenTelemetry.Shared.csproj", "{39C1C02E-FD76-43A8-8FE8-E58B72B54CDE}"
EndProject
Global
	GlobalSection(SolutionConfigurationPlatforms) = preSolution
		Debug|Any CPU = Debug|Any CPU
		Release|Any CPU = Release|Any CPU
	EndGlobalSection
	GlobalSection(ProjectConfigurationPlatforms) = postSolution
		{0C3430B5-090C-4DEC-B519-D450852CCDFA}.Debug|Any CPU.ActiveCfg = Debug|Any CPU
		{0C3430B5-090C-4DEC-B519-D450852CCDFA}.Debug|Any CPU.Build.0 = Debug|Any CPU
		{0C3430B5-090C-4DEC-B519-D450852CCDFA}.Release|Any CPU.ActiveCfg = Release|Any CPU
		{0C3430B5-090C-4DEC-B519-D450852CCDFA}.Release|Any CPU.Build.0 = Release|Any CPU
		{3462B717-39DF-42E3-AD32-2175B7E0607E}.Debug|Any CPU.ActiveCfg = Debug|Any CPU
		{3462B717-39DF-42E3-AD32-2175B7E0607E}.Debug|Any CPU.Build.0 = Debug|Any CPU
		{3462B717-39DF-42E3-AD32-2175B7E0607E}.Release|Any CPU.ActiveCfg = Release|Any CPU
		{3462B717-39DF-42E3-AD32-2175B7E0607E}.Release|Any CPU.Build.0 = Release|Any CPU
		{4B5113C6-5889-4390-91DF-2548A0543B59}.Debug|Any CPU.ActiveCfg = Debug|Any CPU
		{4B5113C6-5889-4390-91DF-2548A0543B59}.Debug|Any CPU.Build.0 = Debug|Any CPU
		{4B5113C6-5889-4390-91DF-2548A0543B59}.Release|Any CPU.ActiveCfg = Release|Any CPU
		{4B5113C6-5889-4390-91DF-2548A0543B59}.Release|Any CPU.Build.0 = Release|Any CPU
		{39C1C02E-FD76-43A8-8FE8-E58B72B54CDE}.Debug|Any CPU.ActiveCfg = Debug|Any CPU
		{39C1C02E-FD76-43A8-8FE8-E58B72B54CDE}.Debug|Any CPU.Build.0 = Debug|Any CPU
		{39C1C02E-FD76-43A8-8FE8-E58B72B54CDE}.Release|Any CPU.ActiveCfg = Release|Any CPU
		{39C1C02E-FD76-43A8-8FE8-E58B72B54CDE}.Release|Any CPU.Build.0 = Release|Any CPU
	EndGlobalSection
	GlobalSection(SolutionProperties) = preSolution
		HideSolutionNode = FALSE
	EndGlobalSection
	GlobalSection(ExtensibilityGlobals) = postSolution
		SolutionGuid = {635F05F8-B425-4CB7-9945-3ECDFD7F14B6}
	EndGlobalSection
EndGlobal
