
Microsoft Visual Studio Solution File, Format Version 12.00
# Visual Studio Version 17
VisualStudioVersion = 17.1.32210.238
MinimumVisualStudioVersion = 10.0.40219.1
Project("{FAE04EC0-301F-11D3-BF4B-00C04F79EFBC}") = "ObservabilityPlayGarden.ConsoleApp", "ObservabilityPlayGarden.ConsoleApp\ObservabilityPlayGarden.ConsoleApp.csproj", "{0C3430B5-090C-4DEC-B519-D450852CCDFA}"
EndProject
Global
	GlobalSection(SolutionConfigurationPlatforms) = preSolution
		Debug|Any CPU = Debug|Any CPU
		Release|Any CPU = Release|Any CPU
	EndGlobalSection
	GlobalSection(ProjectConfigurationPlatforms) = postSolution
		{0C3430B5-090C-4DEC-B519-D450852CCDFA}.Debug|Any CPU.ActiveCfg = Debug|Any CPU
		{0C3430B5-090C-4DEC-B519-D450852CCDFA}.Debug|Any CPU.Build.0 = Debug|Any CPU
		{0C3430B5-090C-4DEC-B519-D450852CCDFA}.Release|Any CPU.ActiveCfg = Release|Any CPU
		{0C3430B5-090C-4DEC-B519-D450852CCDFA}.Release|Any CPU.Build.0 = Release|Any CPU
	EndGlobalSection
	GlobalSection(SolutionProperties) = preSolution
		HideSolutionNode = FALSE
	EndGlobalSection
	GlobalSection(ExtensibilityGlobals) = postSolution
		SolutionGuid = {635F05F8-B425-4CB7-9945-3ECDFD7F14B6}
	EndGlobalSection
EndGlobal
